// !$*UTF8*$!
{
	archiveVersion = 1;
	classes = {
	};
	objectVersion = 50;
	objects = {

/* Begin PBXBuildFile section */
		3E07D59C23BF6DE800DCACED /* AppDelegate.m in Sources */ = {isa = PBXBuildFile; fileRef = 3E07D59B23BF6DE800DCACED /* AppDelegate.m */; };
		3E07D59F23BF6DE800DCACED /* ViewController.m in Sources */ = {isa = PBXBuildFile; fileRef = 3E07D59E23BF6DE800DCACED /* ViewController.m */; };
		3E07D5A223BF6DE800DCACED /* Main.storyboard in Resources */ = {isa = PBXBuildFile; fileRef = 3E07D5A023BF6DE800DCACED /* Main.storyboard */; };
		3E07D5A423BF6DE900DCACED /* Assets.xcassets in Resources */ = {isa = PBXBuildFile; fileRef = 3E07D5A323BF6DE900DCACED /* Assets.xcassets */; };
		3E07D5A723BF6DE900DCACED /* LaunchScreen.storyboard in Resources */ = {isa = PBXBuildFile; fileRef = 3E07D5A523BF6DE900DCACED /* LaunchScreen.storyboard */; };
		3E07D5AA23BF6DE900DCACED /* main.m in Sources */ = {isa = PBXBuildFile; fileRef = 3E07D5A923BF6DE900DCACED /* main.m */; };
/* End PBXBuildFile section */

/* Begin PBXFileReference section */
		3E07D59723BF6DE800DCACED /* StudentsScore.app */ = {isa = PBXFileReference; explicitFileType = wrapper.application; includeInIndex = 0; path = StudentsScore.app; sourceTree = BUILT_PRODUCTS_DIR; };
		3E07D59A23BF6DE800DCACED /* AppDelegate.h */ = {isa = PBXFileReference; lastKnownFileType = sourcecode.c.h; path = AppDelegate.h; sourceTree = "<group>"; };
		3E07D59B23BF6DE800DCACED /* AppDelegate.m */ = {isa = PBXFileReference; lastKnownFileType = sourcecode.c.objc; path = AppDelegate.m; sourceTree = "<group>"; };
		3E07D59D23BF6DE800DCACED /* ViewController.h */ = {isa = PBXFileReference; lastKnownFileType = sourcecode.c.h; path = ViewController.h; sourceTree = "<group>"; };
		3E07D59E23BF6DE800DCACED /* ViewController.m */ = {isa = PBXFileReference; lastKnownFileType = sourcecode.c.objc; path = ViewController.m; sourceTree = "<group>"; };
		3E07D5A123BF6DE800DCACED /* Base */ = {isa = PBXFileReference; lastKnownFileType = file.storyboard; name = Base; path = Base.lproj/Main.storyboard; sourceTree = "<group>"; };
		3E07D5A323BF6DE900DCACED /* Assets.xcassets */ = {isa = PBXFileReference; lastKnownFileType = folder.assetcatalog; path = Assets.xcassets; sourceTree = "<group>"; };
		3E07D5A623BF6DE900DCACED /* Base */ = {isa = PBXFileReference; lastKnownFileType = file.storyboard; name = Base; path = Base.lproj/LaunchScreen.storyboard; sourceTree = "<group>"; };
		3E07D5A823BF6DE900DCACED /* Info.plist */ = {isa = PBXFileReference; lastKnownFileType = text.plist.xml; path = Info.plist; sourceTree = "<group>"; };
		3E07D5A923BF6DE900DCACED /* main.m */ = {isa = PBXFileReference; lastKnownFileType = sourcecode.c.objc; path = main.m; sourceTree = "<group>"; };
/* End PBXFileReference section */

/* Begin PBXFrameworksBuildPhase section */
		3E07D59423BF6DE800DCACED /* Frameworks */ = {
			isa = PBXFrameworksBuildPhase;
			buildActionMask = 2147483647;
			files = (
			);
			runOnlyForDeploymentPostprocessing = 0;
		};
/* End PBXFrameworksBuildPhase section */

/* Begin PBXGroup section */
		3E07D58E23BF6DE800DCACED = {
			isa = PBXGroup;
			children = (
				3E07D59923BF6DE800DCACED /* StudentsScore */,
				3E07D59823BF6DE800DCACED /* Products */,
			);
			sourceTree = "<group>";
		};
		3E07D59823BF6DE800DCACED /* Products */ = {
			isa = PBXGroup;
			children = (
				3E07D59723BF6DE800DCACED /* StudentsScore.app */,
			);
			name = Products;
			sourceTree = "<group>";
		};
		3E07D59923BF6DE800DCACED /* StudentsScore */ = {
			isa = PBXGroup;
			children = (
				3E07D59A23BF6DE800DCACED /* AppDelegate.h */,
				3E07D59B23BF6DE800DCACED /* AppDelegate.m */,
				3E07D59D23BF6DE800DCACED /* ViewController.h */,
				3E07D59E23BF6DE800DCACED /* ViewController.m */,
				3E07D5A023BF6DE800DCACED /* Main.storyboard */,
				3E07D5A323BF6DE900DCACED /* Assets.xcassets */,
				3E07D5A523BF6DE900DCACED /* LaunchScreen.storyboard */,
				3E07D5A823BF6DE900DCACED /* Info.plist */,
				3E07D5A923BF6DE900DCACED /* main.m */,
			);
			path = StudentsScore;
			sourceTree = "<group>";
		};
/* End PBXGroup section */

/* Begin PBXNativeTarget section */
		3E07D59623BF6DE800DCACED /* StudentsScore */ = {
			isa = PBXNativeTarget;
			buildConfigurationList = 3E07D5AD23BF6DE900DCACED /* Build configuration list for PBXNativeTarget "StudentsScore" */;
			buildPhases = (
				3E07D59323BF6DE800DCACED /* Sources */,
				3E07D59423BF6DE800DCACED /* Frameworks */,
				3E07D59523BF6DE800DCACED /* Resources */,
			);
			buildRules = (
			);
			dependencies = (
			);
			name = StudentsScore;
			productName = StudentsScore;
			productReference = 3E07D59723BF6DE800DCACED /* StudentsScore.app */;
			productType = "com.apple.product-type.application";
		};
/* End PBXNativeTarget section */

/* Begin PBXProject section */
		3E07D58F23BF6DE800DCACED /* Project object */ = {
			isa = PBXProject;
			attributes = {
				LastUpgradeCheck = 1000;
				ORGANIZATIONNAME = USTC;
				TargetAttributes = {
					3E07D59623BF6DE800DCACED = {
						CreatedOnToolsVersion = 10.0;
					};
				};
			};
			buildConfigurationList = 3E07D59223BF6DE800DCACED /* Build configuration list for PBXProject "StudentsScore" */;
			compatibilityVersion = "Xcode 9.3";
			developmentRegion = en;
			hasScannedForEncodings = 0;
			knownRegions = (
				en,
				Base,
			);
			mainGroup = 3E07D58E23BF6DE800DCACED;
			productRefGroup = 3E07D59823BF6DE800DCACED /* Products */;
			projectDirPath = "";
			projectRoot = "";
			targets = (
				3E07D59623BF6DE800DCACED /* StudentsScore */,
			);
		};
/* End PBXProject section */

/* Begin PBXResourcesBuildPhase section */
		3E07D59523BF6DE800DCACED /* Resources */ = {
			isa = PBXResourcesBuildPhase;
			buildActionMask = 2147483647;
			files = (
				3E07D5A723BF6DE900DCACED /* LaunchScreen.storyboard in Resources */,
				3E07D5A423BF6DE900DCACED /* Assets.xcassets in Resources */,
				3E07D5A223BF6DE800DCACED /* Main.storyboard in Resources */,
			);
			runOnlyForDeploymentPostprocessing = 0;
		};
/* End PBXResourcesBuildPhase section */

/* Begin PBXSourcesBuildPhase section */
		3E07D59323BF6DE800DCACED /* Sources */ = {
			isa = PBXSourcesBuildPhase;
			buildActionMask = 2147483647;
			files = (
				3E07D59F23BF6DE800DCACED /* ViewController.m in Sources */,
				3E07D5AA23BF6DE900DCACED /* main.m in Sources */,
				3E07D59C23BF6DE800DCACED /* AppDelegate.m in Sources */,
			);
			runOnlyForDeploymentPostprocessing = 0;
		};
/* End PBXSourcesBuildPhase section */

/* Begin PBXVariantGroup section */
		3E07D5A023BF6DE800DCACED /* Main.storyboard */ = {
			isa = PBXVariantGroup;
			children = (
				3E07D5A123BF6DE800DCACED /* Base */,
			);
			name = Main.storyboard;
			sourceTree = "<group>";
		};
		3E07D5A523BF6DE900DCACED /* LaunchScreen.storyboard */ = {
			isa = PBXVariantGroup;
			children = (
				3E07D5A623BF6DE900DCACED /* Base */,
			);
			name = LaunchScreen.storyboard;
			sourceTree = "<group>";
		};
/* End PBXVariantGroup section */

/* Begin XCBuildConfiguration section */
		3E07D5AB23BF6DE900DCACED /* Debug */ = {
			isa = XCBuildConfiguration;
			buildSettings = {
				ALWAYS_SEARCH_USER_PATHS = NO;
				CLANG_ANALYZER_NONNULL = YES;
				CLANG_ANALYZER_NUMBER_OBJECT_CONVERSION = YES_AGGRESSIVE;
				CLANG_CXX_LANGUAGE_STANDARD = "gnu++14";
				CLANG_CXX_LIBRARY = "libc++";
				CLANG_ENABLE_MODULES = YES;
				CLANG_ENABLE_OBJC_ARC = YES;
				CLANG_ENABLE_OBJC_WEAK = YES;
				CLANG_WARN_BLOCK_CAPTURE_AUTORELEASING = YES;
				CLANG_WARN_BOOL_CONVERSION = YES;
				CLANG_WARN_COMMA = YES;
				CLANG_WARN_CONSTANT_CONVERSION = YES;
				CLANG_WARN_DEPRECATED_OBJC_IMPLEMENTATIONS = YES;
				CLANG_WARN_DIRECT_OBJC_ISA_USAGE = YES_ERROR;
				CLANG_WARN_DOCUMENTATION_COMMENTS = YES;
				CLANG_WARN_EMPTY_BODY = YES;
				CLANG_WARN_ENUM_CONVERSION = YES;
				CLANG_WARN_INFINITE_RECURSION = YES;
				CLANG_WARN_INT_CONVERSION = YES;
				CLANG_WARN_NON_LITERAL_NULL_CONVERSION = YES;
				CLANG_WARN_OBJC_IMPLICIT_RETAIN_SELF = YES;
				CLANG_WARN_OBJC_LITERAL_CONVERSION = YES;
				CLANG_WARN_OBJC_ROOT_CLASS = YES_ERROR;
				CLANG_WARN_RANGE_LOOP_ANALYSIS = YES;
				CLANG_WARN_STRICT_PROTOTYPES = YES;
				CLANG_WARN_SUSPICIOUS_MOVE = YES;
				CLANG_WARN_UNGUARDED_AVAILABILITY = YES_AGGRESSIVE;
				CLANG_WARN_UNREACHABLE_CODE = YES;
				CLANG_WARN__DUPLICATE_METHOD_MATCH = YES;
				CODE_SIGN_IDENTITY = "iPhone Developer";
				COPY_PHASE_STRIP = NO;
				DEBUG_INFORMATION_FORMAT = dwarf;
				ENABLE_STRICT_OBJC_MSGSEND = YES;
				ENABLE_TESTABILITY = YES;
				GCC_C_LANGUAGE_STANDARD = gnu11;
				GCC_DYNAMIC_NO_PIC = NO;
				GCC_NO_COMMON_BLOCKS = YES;
				GCC_OPTIMIZATION_LEVEL = 0;
				GCC_PREPROCESSOR_DEFINITIONS = (
					"DEBUG=1",
					"$(inherited)",
				);
				GCC_WARN_64_TO_32_BIT_CONVERSION = YES;
				GCC_WARN_ABOUT_RETURN_TYPE = YES_ERROR;
				GCC_WARN_UNDECLARED_SELECTOR = YES;
				GCC_WARN_UNINITIALIZED_AUTOS = YES_AGGRESSIVE;
				GCC_WARN_UNUSED_FUNCTION = YES;
				GCC_WARN_UNUSED_VARIABLE = YES;
				IPHONEOS_DEPLOYMENT_TARGET = 12.0;
				MTL_ENABLE_DEBUG_INFO = INCLUDE_SOURCE;
				MTL_FAST_MATH = YES;
				ONLY_ACTIVE_ARCH = YES;
				SDKROOT = iphoneos;
			};
			name = Debug;
		};
		3E07D5AC23BF6DE900DCACED /* Release */ = {
			isa = XCBuildConfiguration;
			buildSettings = {
				ALWAYS_SEARCH_USER_PATHS = NO;
				CLANG_ANALYZER_NONNULL = YES;
				CLANG_ANALYZER_NUMBER_OBJECT_CONVERSION = YES_AGGRESSIVE;
				CLANG_CXX_LANGUAGE_STANDARD = "gnu++14";
				CLANG_CXX_LIBRARY = "libc++";
				CLANG_ENABLE_MODULES = YES;
				CLANG_ENABLE_OBJC_ARC = YES;
				CLANG_ENABLE_OBJC_WEAK = YES;
				CLANG_WARN_BLOCK_CAPTURE_AUTORELEASING = YES;
				CLANG_WARN_BOOL_CONVERSION = YES;
				CLANG_WARN_COMMA = YES;
				CLANG_WARN_CONSTANT_CONVERSION = YES;
				CLANG_WARN_DEPRECATED_OBJC_IMPLEMENTATIONS = YES;
				CLANG_WARN_DIRECT_OBJC_ISA_USAGE = YES_ERROR;
				CLANG_WARN_DOCUMENTATION_COMMENTS = YES;
				CLANG_WARN_EMPTY_BODY = YES;
				CLANG_WARN_ENUM_CONVERSION = YES;
				CLANG_WARN_INFINITE_RECURSION = YES;
				CLANG_WARN_INT_CONVERSION = YES;
				CLANG_WARN_NON_LITERAL_NULL_CONVERSION = YES;
				CLANG_WARN_OBJC_IMPLICIT_RETAIN_SELF = YES;
				CLANG_WARN_OBJC_LITERAL_CONVERSION = YES;
				CLANG_WARN_OBJC_ROOT_CLASS = YES_ERROR;
				CLANG_WARN_RANGE_LOOP_ANALYSIS = YES;
				CLANG_WARN_STRICT_PROTOTYPES = YES;
				CLANG_WARN_SUSPICIOUS_MOVE = YES;
				CLANG_WARN_UNGUARDED_AVAILABILITY = YES_AGGRESSIVE;
				CLANG_WARN_UNREACHABLE_CODE = YES;
				CLANG_WARN__DUPLICATE_METHOD_MATCH = YES;
				CODE_SIGN_IDENTITY = "iPhone Developer";
				COPY_PHASE_STRIP = NO;
				DEBUG_INFORMATION_FORMAT = "dwarf-with-dsym";
				ENABLE_NS_ASSERTIONS = NO;
				ENABLE_STRICT_OBJC_MSGSEND = YES;
				GCC_C_LANGUAGE_STANDARD = gnu11;
				GCC_NO_COMMON_BLOCKS = YES;
				GCC_WARN_64_TO_32_BIT_CONVERSION = YES;
				GCC_WARN_ABOUT_RETURN_TYPE = YES_ERROR;
				GCC_WARN_UNDECLARED_SELECTOR = YES;
				GCC_WARN_UNINITIALIZED_AUTOS = YES_AGGRESSIVE;
				GCC_WARN_UNUSED_FUNCTION = YES;
				GCC_WARN_UNUSED_VARIABLE = YES;
				IPHONEOS_DEPLOYMENT_TARGET = 12.0;
				MTL_ENABLE_DEBUG_INFO = NO;
				MTL_FAST_MATH = YES;
				SDKROOT = iphoneos;
				VALIDATE_PRODUCT = YES;
			};
			name = Release;
		};
		3E07D5AE23BF6DE900DCACED /* Debug */ = {
			isa = XCBuildConfiguration;
			buildSettings = {
				ASSETCATALOG_COMPILER_APPICON_NAME = AppIcon;
				CODE_SIGN_STYLE = Automatic;
				DEVELOPMENT_TEAM = Q97ZS8PQA5;
				INFOPLIST_FILE = StudentsScore/Info.plist;
				LD_RUNPATH_SEARCH_PATHS = (
					"$(inherited)",
					"@executable_path/Frameworks",
				);
				PRODUCT_BUNDLE_IDENTIFIER = cn.edu.ustc.StudentsScore;
				PRODUCT_NAME = "$(TARGET_NAME)";
				TARGETED_DEVICE_FAMILY = "1,2";
			};
			name = Debug;
		};
		3E07D5AF23BF6DE900DCACED /* Release */ = {
			isa = XCBuildConfiguration;
			buildSettings = {
				ASSETCATALOG_COMPILER_APPICON_NAME = AppIcon;
				CODE_SIGN_STYLE = Automatic;
				DEVELOPMENT_TEAM = Q97ZS8PQA5;
				INFOPLIST_FILE = StudentsScore/Info.plist;
				LD_RUNPATH_SEARCH_PATHS = (
					"$(inherited)",
					"@executable_path/Frameworks",
				);
				PRODUCT_BUNDLE_IDENTIFIER = cn.edu.ustc.StudentsScore;
				PRODUCT_NAME = "$(TARGET_NAME)";
				TARGETED_DEVICE_FAMILY = "1,2";
			};
			name = Release;
		};
/* End XCBuildConfiguration section */

/* Begin XCConfigurationList section */
		3E07D59223BF6DE800DCACED /* Build configuration list for PBXProject "StudentsScore" */ = {
			isa = XCConfigurationList;
			buildConfigurations = (
				3E07D5AB23BF6DE900DCACED /* Debug */,
				3E07D5AC23BF6DE900DCACED /* Release */,
			);
			defaultConfigurationIsVisible = 0;
			defaultConfigurationName = Release;
		};
		3E07D5AD23BF6DE900DCACED /* Build configuration list for PBXNativeTarget "StudentsScore" */ = {
			isa = XCConfigurationList;
			buildConfigurations = (
				3E07D5AE23BF6DE900DCACED /* Debug */,
				3E07D5AF23BF6DE900DCACED /* Release */,
			);
			defaultConfigurationIsVisible = 0;
			defaultConfigurationName = Release;
		};
/* End XCConfigurationList section */
	};
	rootObject = 3E07D58F23BF6DE800DCACED /* Project object */;
}
