// !$*UTF8*$!
{
	archiveVersion = 1;
	classes = {
	};
	objectVersion = 50;
	objects = {

/* Begin PBXBuildFile section */
		3EF90CB023BE18AC008CFFCC /* AppDelegate.m in Sources */ = {isa = PBXBuildFile; fileRef = 3EF90CAF23BE18AC008CFFCC /* AppDelegate.m */; };
		3EF90CB323BE18AC008CFFCC /* ViewController.m in Sources */ = {isa = PBXBuildFile; fileRef = 3EF90CB223BE18AC008CFFCC /* ViewController.m */; };
		3EF90CB623BE18AC008CFFCC /* Main.storyboard in Resources */ = {isa = PBXBuildFile; fileRef = 3EF90CB423BE18AC008CFFCC /* Main.storyboard */; };
		3EF90CB823BE18AD008CFFCC /* Assets.xcassets in Resources */ = {isa = PBXBuildFile; fileRef = 3EF90CB723BE18AD008CFFCC /* Assets.xcassets */; };
		3EF90CBB23BE18AD008CFFCC /* LaunchScreen.storyboard in Resources */ = {isa = PBXBuildFile; fileRef = 3EF90CB923BE18AD008CFFCC /* LaunchScreen.storyboard */; };
		3EF90CBE23BE18AD008CFFCC /* main.m in Sources */ = {isa = PBXBuildFile; fileRef = 3EF90CBD23BE18AD008CFFCC /* main.m */; };
		3EF90CC623BE1DE4008CFFCC /* SecondViewController.m in Sources */ = {isa = PBXBuildFile; fileRef = 3EF90CC523BE1DE4008CFFCC /* SecondViewController.m */; };
		3EF90CC923BE1F4B008CFFCC /* wordProcess.m in Sources */ = {isa = PBXBuildFile; fileRef = 3EF90CC823BE1F4B008CFFCC /* wordProcess.m */; };
/* End PBXBuildFile section */

/* Begin PBXFileReference section */
		3EF90CAB23BE18AC008CFFCC /* SA19225242_wordCount.app */ = {isa = PBXFileReference; explicitFileType = wrapper.application; includeInIndex = 0; path = SA19225242_wordCount.app; sourceTree = BUILT_PRODUCTS_DIR; };
		3EF90CAE23BE18AC008CFFCC /* AppDelegate.h */ = {isa = PBXFileReference; lastKnownFileType = sourcecode.c.h; path = AppDelegate.h; sourceTree = "<group>"; };
		3EF90CAF23BE18AC008CFFCC /* AppDelegate.m */ = {isa = PBXFileReference; lastKnownFileType = sourcecode.c.objc; path = AppDelegate.m; sourceTree = "<group>"; };
		3EF90CB123BE18AC008CFFCC /* ViewController.h */ = {isa = PBXFileReference; lastKnownFileType = sourcecode.c.h; path = ViewController.h; sourceTree = "<group>"; };
		3EF90CB223BE18AC008CFFCC /* ViewController.m */ = {isa = PBXFileReference; lastKnownFileType = sourcecode.c.objc; path = ViewController.m; sourceTree = "<group>"; };
		3EF90CB523BE18AC008CFFCC /* Base */ = {isa = PBXFileReference; lastKnownFileType = file.storyboard; name = Base; path = Base.lproj/Main.storyboard; sourceTree = "<group>"; };
		3EF90CB723BE18AD008CFFCC /* Assets.xcassets */ = {isa = PBXFileReference; lastKnownFileType = folder.assetcatalog; path = Assets.xcassets; sourceTree = "<group>"; };
		3EF90CBA23BE18AD008CFFCC /* Base */ = {isa = PBXFileReference; lastKnownFileType = file.storyboard; name = Base; path = Base.lproj/LaunchScreen.storyboard; sourceTree = "<group>"; };
		3EF90CBC23BE18AD008CFFCC /* Info.plist */ = {isa = PBXFileReference; lastKnownFileType = text.plist.xml; path = Info.plist; sourceTree = "<group>"; };
		3EF90CBD23BE18AD008CFFCC /* main.m */ = {isa = PBXFileReference; lastKnownFileType = sourcecode.c.objc; path = main.m; sourceTree = "<group>"; };
		3EF90CC423BE1DE4008CFFCC /* SecondViewController.h */ = {isa = PBXFileReference; lastKnownFileType = sourcecode.c.h; path = SecondViewController.h; sourceTree = "<group>"; };
		3EF90CC523BE1DE4008CFFCC /* SecondViewController.m */ = {isa = PBXFileReference; lastKnownFileType = sourcecode.c.objc; path = SecondViewController.m; sourceTree = "<group>"; };
		3EF90CC723BE1F4B008CFFCC /* wordProcess.h */ = {isa = PBXFileReference; lastKnownFileType = sourcecode.c.h; path = wordProcess.h; sourceTree = "<group>"; };
		3EF90CC823BE1F4B008CFFCC /* wordProcess.m */ = {isa = PBXFileReference; lastKnownFileType = sourcecode.c.objc; path = wordProcess.m; sourceTree = "<group>"; };
/* End PBXFileReference section */

/* Begin PBXFrameworksBuildPhase section */
		3EF90CA823BE18AC008CFFCC /* Frameworks */ = {
			isa = PBXFrameworksBuildPhase;
			buildActionMask = 2147483647;
			files = (
			);
			runOnlyForDeploymentPostprocessing = 0;
		};
/* End PBXFrameworksBuildPhase section */

/* Begin PBXGroup section */
		3EF90CA223BE18AC008CFFCC = {
			isa = PBXGroup;
			children = (
				3EF90CAD23BE18AC008CFFCC /* SA19225242_wordCount */,
				3EF90CAC23BE18AC008CFFCC /* Products */,
			);
			sourceTree = "<group>";
		};
		3EF90CAC23BE18AC008CFFCC /* Products */ = {
			isa = PBXGroup;
			children = (
				3EF90CAB23BE18AC008CFFCC /* SA19225242_wordCount.app */,
			);
			name = Products;
			sourceTree = "<group>";
		};
		3EF90CAD23BE18AC008CFFCC /* SA19225242_wordCount */ = {
			isa = PBXGroup;
			children = (
				3EF90CAE23BE18AC008CFFCC /* AppDelegate.h */,
				3EF90CAF23BE18AC008CFFCC /* AppDelegate.m */,
				3EF90CB123BE18AC008CFFCC /* ViewController.h */,
				3EF90CB223BE18AC008CFFCC /* ViewController.m */,
				3EF90CB423BE18AC008CFFCC /* Main.storyboard */,
				3EF90CCA23BE1F53008CFFCC /* Model */,
				3EF90CC423BE1DE4008CFFCC /* SecondViewController.h */,
				3EF90CC523BE1DE4008CFFCC /* SecondViewController.m */,
				3EF90CB723BE18AD008CFFCC /* Assets.xcassets */,
				3EF90CB923BE18AD008CFFCC /* LaunchScreen.storyboard */,
				3EF90CBC23BE18AD008CFFCC /* Info.plist */,
				3EF90CBD23BE18AD008CFFCC /* main.m */,
			);
			path = SA19225242_wordCount;
			sourceTree = "<group>";
		};
		3EF90CCA23BE1F53008CFFCC /* Model */ = {
			isa = PBXGroup;
			children = (
				3EF90CC723BE1F4B008CFFCC /* wordProcess.h */,
				3EF90CC823BE1F4B008CFFCC /* wordProcess.m */,
			);
			path = Model;
			sourceTree = "<group>";
		};
/* End PBXGroup section */

/* Begin PBXNativeTarget section */
		3EF90CAA23BE18AC008CFFCC /* SA19225242_wordCount */ = {
			isa = PBXNativeTarget;
			buildConfigurationList = 3EF90CC123BE18AD008CFFCC /* Build configuration list for PBXNativeTarget "SA19225242_wordCount" */;
			buildPhases = (
				3EF90CA723BE18AC008CFFCC /* Sources */,
				3EF90CA823BE18AC008CFFCC /* Frameworks */,
				3EF90CA923BE18AC008CFFCC /* Resources */,
			);
			buildRules = (
			);
			dependencies = (
			);
			name = SA19225242_wordCount;
			productName = SA19225242_wordCount;
			productReference = 3EF90CAB23BE18AC008CFFCC /* SA19225242_wordCount.app */;
			productType = "com.apple.product-type.application";
		};
/* End PBXNativeTarget section */

/* Begin PBXProject section */
		3EF90CA323BE18AC008CFFCC /* Project object */ = {
			isa = PBXProject;
			attributes = {
				LastUpgradeCheck = 1000;
				ORGANIZATIONNAME = USTC;
				TargetAttributes = {
					3EF90CAA23BE18AC008CFFCC = {
						CreatedOnToolsVersion = 10.0;
					};
				};
			};
			buildConfigurationList = 3EF90CA623BE18AC008CFFCC /* Build configuration list for PBXProject "SA19225242_wordCount" */;
			compatibilityVersion = "Xcode 9.3";
			developmentRegion = en;
			hasScannedForEncodings = 0;
			knownRegions = (
				en,
				Base,
			);
			mainGroup = 3EF90CA223BE18AC008CFFCC;
			productRefGroup = 3EF90CAC23BE18AC008CFFCC /* Products */;
			projectDirPath = "";
			projectRoot = "";
			targets = (
				3EF90CAA23BE18AC008CFFCC /* SA19225242_wordCount */,
			);
		};
/* End PBXProject section */

/* Begin PBXResourcesBuildPhase section */
		3EF90CA923BE18AC008CFFCC /* Resources */ = {
			isa = PBXResourcesBuildPhase;
			buildActionMask = 2147483647;
			files = (
				3EF90CBB23BE18AD008CFFCC /* LaunchScreen.storyboard in Resources */,
				3EF90CB823BE18AD008CFFCC /* Assets.xcassets in Resources */,
				3EF90CB623BE18AC008CFFCC /* Main.storyboard in Resources */,
			);
			runOnlyForDeploymentPostprocessing = 0;
		};
/* End PBXResourcesBuildPhase section */

/* Begin PBXSourcesBuildPhase section */
		3EF90CA723BE18AC008CFFCC /* Sources */ = {
			isa = PBXSourcesBuildPhase;
			buildActionMask = 2147483647;
			files = (
				3EF90CC623BE1DE4008CFFCC /* SecondViewController.m in Sources */,
				3EF90CC923BE1F4B008CFFCC /* wordProcess.m in Sources */,
				3EF90CB323BE18AC008CFFCC /* ViewController.m in Sources */,
				3EF90CBE23BE18AD008CFFCC /* main.m in Sources */,
				3EF90CB023BE18AC008CFFCC /* AppDelegate.m in Sources */,
			);
			runOnlyForDeploymentPostprocessing = 0;
		};
/* End PBXSourcesBuildPhase section */

/* Begin PBXVariantGroup section */
		3EF90CB423BE18AC008CFFCC /* Main.storyboard */ = {
			isa = PBXVariantGroup;
			children = (
				3EF90CB523BE18AC008CFFCC /* Base */,
			);
			name = Main.storyboard;
			sourceTree = "<group>";
		};
		3EF90CB923BE18AD008CFFCC /* LaunchScreen.storyboard */ = {
			isa = PBXVariantGroup;
			children = (
				3EF90CBA23BE18AD008CFFCC /* Base */,
			);
			name = LaunchScreen.storyboard;
			sourceTree = "<group>";
		};
/* End PBXVariantGroup section */

/* Begin XCBuildConfiguration section */
		3EF90CBF23BE18AD008CFFCC /* Debug */ = {
			isa = XCBuildConfiguration;
			buildSettings = {
				ALWAYS_SEARCH_USER_PATHS = NO;
				CLANG_ANALYZER_NONNULL = YES;
				CLANG_ANALYZER_NUMBER_OBJECT_CONVERSION = YES_AGGRESSIVE;
				CLANG_CXX_LANGUAGE_STANDARD = "gnu++14";
				CLANG_CXX_LIBRARY = "libc++";
				CLANG_ENABLE_MODULES = YES;
				CLANG_ENABLE_OBJC_ARC = YES;
				CLANG_ENABLE_OBJC_WEAK = YES;
				CLANG_WARN_BLOCK_CAPTURE_AUTORELEASING = YES;
				CLANG_WARN_BOOL_CONVERSION = YES;
				CLANG_WARN_COMMA = YES;
				CLANG_WARN_CONSTANT_CONVERSION = YES;
				CLANG_WARN_DEPRECATED_OBJC_IMPLEMENTATIONS = YES;
				CLANG_WARN_DIRECT_OBJC_ISA_USAGE = YES_ERROR;
				CLANG_WARN_DOCUMENTATION_COMMENTS = YES;
				CLANG_WARN_EMPTY_BODY = YES;
				CLANG_WARN_ENUM_CONVERSION = YES;
				CLANG_WARN_INFINITE_RECURSION = YES;
				CLANG_WARN_INT_CONVERSION = YES;
				CLANG_WARN_NON_LITERAL_NULL_CONVERSION = YES;
				CLANG_WARN_OBJC_IMPLICIT_RETAIN_SELF = YES;
				CLANG_WARN_OBJC_LITERAL_CONVERSION = YES;
				CLANG_WARN_OBJC_ROOT_CLASS = YES_ERROR;
				CLANG_WARN_RANGE_LOOP_ANALYSIS = YES;
				CLANG_WARN_STRICT_PROTOTYPES = YES;
				CLANG_WARN_SUSPICIOUS_MOVE = YES;
				CLANG_WARN_UNGUARDED_AVAILABILITY = YES_AGGRESSIVE;
				CLANG_WARN_UNREACHABLE_CODE = YES;
				CLANG_WARN__DUPLICATE_METHOD_MATCH = YES;
				CODE_SIGN_IDENTITY = "iPhone Developer";
				COPY_PHASE_STRIP = NO;
				DEBUG_INFORMATION_FORMAT = dwarf;
				ENABLE_STRICT_OBJC_MSGSEND = YES;
				ENABLE_TESTABILITY = YES;
				GCC_C_LANGUAGE_STANDARD = gnu11;
				GCC_DYNAMIC_NO_PIC = NO;
				GCC_NO_COMMON_BLOCKS = YES;
				GCC_OPTIMIZATION_LEVEL = 0;
				GCC_PREPROCESSOR_DEFINITIONS = (
					"DEBUG=1",
					"$(inherited)",
				);
				GCC_WARN_64_TO_32_BIT_CONVERSION = YES;
				GCC_WARN_ABOUT_RETURN_TYPE = YES_ERROR;
				GCC_WARN_UNDECLARED_SELECTOR = YES;
				GCC_WARN_UNINITIALIZED_AUTOS = YES_AGGRESSIVE;
				GCC_WARN_UNUSED_FUNCTION = YES;
				GCC_WARN_UNUSED_VARIABLE = YES;
				IPHONEOS_DEPLOYMENT_TARGET = 12.0;
				MTL_ENABLE_DEBUG_INFO = INCLUDE_SOURCE;
				MTL_FAST_MATH = YES;
				ONLY_ACTIVE_ARCH = YES;
				SDKROOT = iphoneos;
			};
			name = Debug;
		};
		3EF90CC023BE18AD008CFFCC /* Release */ = {
			isa = XCBuildConfiguration;
			buildSettings = {
				ALWAYS_SEARCH_USER_PATHS = NO;
				CLANG_ANALYZER_NONNULL = YES;
				CLANG_ANALYZER_NUMBER_OBJECT_CONVERSION = YES_AGGRESSIVE;
				CLANG_CXX_LANGUAGE_STANDARD = "gnu++14";
				CLANG_CXX_LIBRARY = "libc++";
				CLANG_ENABLE_MODULES = YES;
				CLANG_ENABLE_OBJC_ARC = YES;
				CLANG_ENABLE_OBJC_WEAK = YES;
				CLANG_WARN_BLOCK_CAPTURE_AUTORELEASING = YES;
				CLANG_WARN_BOOL_CONVERSION = YES;
				CLANG_WARN_COMMA = YES;
				CLANG_WARN_CONSTANT_CONVERSION = YES;
				CLANG_WARN_DEPRECATED_OBJC_IMPLEMENTATIONS = YES;
				CLANG_WARN_DIRECT_OBJC_ISA_USAGE = YES_ERROR;
				CLANG_WARN_DOCUMENTATION_COMMENTS = YES;
				CLANG_WARN_EMPTY_BODY = YES;
				CLANG_WARN_ENUM_CONVERSION = YES;
				CLANG_WARN_INFINITE_RECURSION = YES;
				CLANG_WARN_INT_CONVERSION = YES;
				CLANG_WARN_NON_LITERAL_NULL_CONVERSION = YES;
				CLANG_WARN_OBJC_IMPLICIT_RETAIN_SELF = YES;
				CLANG_WARN_OBJC_LITERAL_CONVERSION = YES;
				CLANG_WARN_OBJC_ROOT_CLASS = YES_ERROR;
				CLANG_WARN_RANGE_LOOP_ANALYSIS = YES;
				CLANG_WARN_STRICT_PROTOTYPES = YES;
				CLANG_WARN_SUSPICIOUS_MOVE = YES;
				CLANG_WARN_UNGUARDED_AVAILABILITY = YES_AGGRESSIVE;
				CLANG_WARN_UNREACHABLE_CODE = YES;
				CLANG_WARN__DUPLICATE_METHOD_MATCH = YES;
				CODE_SIGN_IDENTITY = "iPhone Developer";
				COPY_PHASE_STRIP = NO;
				DEBUG_INFORMATION_FORMAT = "dwarf-with-dsym";
				ENABLE_NS_ASSERTIONS = NO;
				ENABLE_STRICT_OBJC_MSGSEND = YES;
				GCC_C_LANGUAGE_STANDARD = gnu11;
				GCC_NO_COMMON_BLOCKS = YES;
				GCC_WARN_64_TO_32_BIT_CONVERSION = YES;
				GCC_WARN_ABOUT_RETURN_TYPE = YES_ERROR;
				GCC_WARN_UNDECLARED_SELECTOR = YES;
				GCC_WARN_UNINITIALIZED_AUTOS = YES_AGGRESSIVE;
				GCC_WARN_UNUSED_FUNCTION = YES;
				GCC_WARN_UNUSED_VARIABLE = YES;
				IPHONEOS_DEPLOYMENT_TARGET = 12.0;
				MTL_ENABLE_DEBUG_INFO = NO;
				MTL_FAST_MATH = YES;
				SDKROOT = iphoneos;
				VALIDATE_PRODUCT = YES;
			};
			name = Release;
		};
		3EF90CC223BE18AD008CFFCC /* Debug */ = {
			isa = XCBuildConfiguration;
			buildSettings = {
				ASSETCATALOG_COMPILER_APPICON_NAME = AppIcon;
				CODE_SIGN_STYLE = Automatic;
				DEVELOPMENT_TEAM = Q97ZS8PQA5;
				INFOPLIST_FILE = SA19225242_wordCount/Info.plist;
				LD_RUNPATH_SEARCH_PATHS = (
					"$(inherited)",
					"@executable_path/Frameworks",
				);
				PRODUCT_BUNDLE_IDENTIFIER = "cn.edu.ustc.SA19225242-wordCount";
				PRODUCT_NAME = "$(TARGET_NAME)";
				TARGETED_DEVICE_FAMILY = "1,2";
			};
			name = Debug;
		};
		3EF90CC323BE18AD008CFFCC /* Release */ = {
			isa = XCBuildConfiguration;
			buildSettings = {
				ASSETCATALOG_COMPILER_APPICON_NAME = AppIcon;
				CODE_SIGN_STYLE = Automatic;
				DEVELOPMENT_TEAM = Q97ZS8PQA5;
				INFOPLIST_FILE = SA19225242_wordCount/Info.plist;
				LD_RUNPATH_SEARCH_PATHS = (
					"$(inherited)",
					"@executable_path/Frameworks",
				);
				PRODUCT_BUNDLE_IDENTIFIER = "cn.edu.ustc.SA19225242-wordCount";
				PRODUCT_NAME = "$(TARGET_NAME)";
				TARGETED_DEVICE_FAMILY = "1,2";
			};
			name = Release;
		};
/* End XCBuildConfiguration section */

/* Begin XCConfigurationList section */
		3EF90CA623BE18AC008CFFCC /* Build configuration list for PBXProject "SA19225242_wordCount" */ = {
			isa = XCConfigurationList;
			buildConfigurations = (
				3EF90CBF23BE18AD008CFFCC /* Debug */,
				3EF90CC023BE18AD008CFFCC /* Release */,
			);
			defaultConfigurationIsVisible = 0;
			defaultConfigurationName = Release;
		};
		3EF90CC123BE18AD008CFFCC /* Build configuration list for PBXNativeTarget "SA19225242_wordCount" */ = {
			isa = XCConfigurationList;
			buildConfigurations = (
				3EF90CC223BE18AD008CFFCC /* Debug */,
				3EF90CC323BE18AD008CFFCC /* Release */,
			);
			defaultConfigurationIsVisible = 0;
			defaultConfigurationName = Release;
		};
/* End XCConfigurationList section */
	};
	rootObject = 3EF90CA323BE18AC008CFFCC /* Project object */;
}
